{
  "nodes": {
    "SDL-win32": {
      "inputs": {
        "SDL_src": "SDL_src",
        "nixpkgs": [
          "nixpkgs"
        ],
        "tinycmmc": [
          "tinycmmc"
        ]
      },
      "locked": {
        "lastModified": 1716729328,
        "narHash": "sha256-2rhsui/qDLq5SDdCZqg+0y2xjMAOXgCYGmMV2n7IF3Q=",
        "owner": "grumnix",
        "repo": "SDL-win32",
        "rev": "874b689751561fa2ebc7959935bd24a0daf85a3b",
        "type": "github"
      },
      "original": {
        "owner": "grumnix",
        "repo": "SDL-win32",
        "type": "github"
      }
    },
    "SDL2-win32": {
      "inputs": {
        "SDL2_src": "SDL2_src",
        "nixpkgs": [
          "nixpkgs"
        ],
        "tinycmmc": [
          "tinycmmc"
        ]
      },
      "locked": {
        "lastModified": 1753127534,
        "narHash": "sha256-73UFk9wGZb0CQ2EpFaXRczHzUUlOzK/Ov2KP3ewk4qw=",
        "owner": "grumnix",
        "repo": "SDL2-win32",
        "rev": "278a40a7bff4c0b0bf4f5ad1c528308df4a1b0f9",
        "type": "github"
      },
      "original": {
        "owner": "grumnix",
        "repo": "SDL2-win32",
        "type": "github"
      }
    },
    "SDL2_src": {
      "flake": false,
      "locked": {
        "lastModified": 1748906407,
        "narHash": "sha256-aakdhaTL0dgt2BQEtv3w6pp1mwOrmNzEorh3lLxJgyo=",
        "type": "tarball",
        "url": "https://libsdl.org/release/SDL2-devel-2.32.8-mingw.tar.gz"
      },
      "original": {
        "type": "tarball",
        "url": "https://libsdl.org/release/SDL2-devel-2.32.8-mingw.tar.gz"
      }
    },
    "SDL_src": {
      "flake": false,
      "locked": {
        "lastModified": 1326954629,
        "narHash": "sha256-0tffZEi/OVCkHvSrfVZRnK+qpWqq9m1+1QQz9itkVNM=",
        "type": "tarball",
        "url": "https://www.libsdl.org/release/SDL-1.2.15.tar.gz"
      },
      "original": {
        "type": "tarball",
        "url": "https://www.libsdl.org/release/SDL-1.2.15.tar.gz"
      }
    },
    "flake-utils": {
      "inputs": {
        "systems": "systems"
      },
      "locked": {
        "lastModified": 1731533236,
        "narHash": "sha256-l0KFg5HjrsfsO/JpG+r7fRrqm12kzFHyUHqHCVpMMbI=",
        "owner": "numtide",
        "repo": "flake-utils",
        "rev": "11707dc2f618dd54ca8739b309ec4fc024de578b",
        "type": "github"
      },
      "original": {
        "owner": "numtide",
        "repo": "flake-utils",
        "type": "github"
      }
    },
    "nixpkgs": {
      "locked": {
        "lastModified": 1762977756,
        "narHash": "sha256-4PqRErxfe+2toFJFgcRKZ0UI9NSIOJa+7RXVtBhy4KE=",
        "owner": "NixOS",
        "repo": "nixpkgs",
        "rev": "c5ae371f1a6a7fd27823bc500d9390b38c05fa55",
        "type": "github"
      },
      "original": {
        "owner": "NixOS",
        "ref": "nixos-unstable",
        "repo": "nixpkgs",
        "type": "github"
      }
    },
    "root": {
      "inputs": {
        "SDL-win32": "SDL-win32",
        "SDL2-win32": "SDL2-win32",
        "flake-utils": "flake-utils",
        "nixpkgs": "nixpkgs",
        "sdl_gamecontrollerdb": "sdl_gamecontrollerdb",
        "tinycmmc": "tinycmmc"
      }
    },
    "sdl_gamecontrollerdb": {
      "flake": false,
      "locked": {
        "lastModified": 1762256009,
        "narHash": "sha256-xM/hdwLsNLisXKXLP2Np5enmL/q27xsV4OHSsM5vsuw=",
        "owner": "gabomdq",
        "repo": "SDL_GameControllerDB",
        "rev": "958e252520ece96cd1b03d5ff0d835db2f048991",
        "type": "github"
      },
      "original": {
        "owner": "gabomdq",
        "repo": "SDL_GameControllerDB",
        "type": "github"
      }
    },
    "systems": {
      "locked": {
        "lastModified": 1681028828,
        "narHash": "sha256-Vy1rq5AaRuLzOxct8nz4T6wlgyUR7zLU309k9mBC768=",
        "owner": "nix-systems",
        "repo": "default",
        "rev": "da67096a3b9bf56a91d16901293e51ba5b49a27e",
        "type": "github"
      },
      "original": {
        "owner": "nix-systems",
        "repo": "default",
        "type": "github"
      }
    },
    "tinycmmc": {
      "inputs": {
        "flake-utils": [
          "flake-utils"
        ],
        "nixpkgs": [
          "nixpkgs"
        ]
      },
      "locked": {
        "lastModified": 1763256011,
        "narHash": "sha256-CpQWAHdeLUYd28cT9heG05p6RX9WF7QslqNHoBi931E=",
        "owner": "grumbel",
        "repo": "tinycmmc",
        "rev": "2e007ba059a4991c011a7193c9d7df28826c9adc",
        "type": "github"
      },
      "original": {
        "owner": "grumbel",
        "repo": "tinycmmc",
        "type": "github"
      }
    }
  },
  "root": "root",
  "version": 7
}
