{
  "nodes": {
    "flake-utils": {
      "locked": {
        "lastModified": 1653893745,
        "narHash": "sha256-0jntwV3Z8//YwuOjzhV2sgJJPt+HY6KhU7VZUL0fKZQ=",
        "owner": "numtide",
        "repo": "flake-utils",
        "rev": "1ed9fb1935d260de5fe1c2f7ee0ebaae17ed2fa1",
        "type": "github"
      },
      "original": {
        "owner": "numtide",
        "repo": "flake-utils",
        "type": "github"
      }
    },
    "nixpkgs": {
      "locked": {
        "lastModified": 1653920503,
        "narHash": "sha256-BBeCZwZImtjP3oYy4WogkQYy5OxNyfNciVSc1AfZgLQ=",
        "owner": "NixOS",
        "repo": "nixpkgs",
        "rev": "a634c8f6c1fbf9b9730e01764999666f3436f10a",
        "type": "github"
      },
      "original": {
        "owner": "NixOS",
        "ref": "nixos-22.05",
        "repo": "nixpkgs",
        "type": "github"
      }
    },
    "root": {
      "inputs": {
        "flake-utils": "flake-utils",
        "nixpkgs": "nixpkgs",
        "sdl_gamecontrollerdb": "sdl_gamecontrollerdb",
        "tinycmmc": "tinycmmc"
      }
    },
    "sdl_gamecontrollerdb": {
      "flake": false,
      "locked": {
        "lastModified": 1653964428,
        "narHash": "sha256-YAUBgv+DprBdu9xGPMnrItitZg5I/lpM+nDmDRDyfjw=",
        "owner": "gabomdq",
        "repo": "SDL_GameControllerDB",
        "rev": "e7b38d37f9502a612e4d1054704a16d4517b4f77",
        "type": "github"
      },
      "original": {
        "owner": "gabomdq",
        "repo": "SDL_GameControllerDB",
        "type": "github"
      }
    },
    "tinycmmc": {
      "inputs": {
        "flake-utils": [
          "flake-utils"
        ],
        "nixpkgs": [
          "nixpkgs"
        ]
      },
      "locked": {
        "lastModified": 1653988067,
        "narHash": "sha256-UCp9cp8VFU/O4HERCBcSqnaBLQboSmEwDrD7F6FsIxo=",
        "owner": "grumbel",
        "repo": "tinycmmc",
        "rev": "ad3e98dbc86157cce04e60343965970cb812e92e",
        "type": "github"
      },
      "original": {
        "owner": "grumbel",
        "repo": "tinycmmc",
        "type": "github"
      }
    }
  },
  "root": "root",
  "version": 7
}
