{
  "nodes": {
    "SDL-win32": {
      "inputs": {
        "SDL_src": "SDL_src",
        "nixpkgs": [
          "nixpkgs"
        ],
        "tinycmmc": [
          "tinycmmc"
        ]
      },
      "locked": {
        "lastModified": 1687870502,
        "narHash": "sha256-63zXBDR12zWDbfC4YhT+pyhSBaJQKyQS8OCLz2k+TSw=",
        "owner": "grumnix",
        "repo": "SDL-win32",
        "rev": "f9bc861ff89802a0a30b1b7c7b8095f8df5d178e",
        "type": "github"
      },
      "original": {
        "owner": "grumnix",
        "repo": "SDL-win32",
        "type": "github"
      }
    },
    "SDL2-win32": {
      "inputs": {
        "SDL2_src": "SDL2_src",
        "nixpkgs": [
          "nixpkgs"
        ],
        "tinycmmc": [
          "tinycmmc"
        ]
      },
      "locked": {
        "lastModified": 1687870306,
        "narHash": "sha256-IRbYRi6XhoHJMxEObuiqWxSwY+DaPXEHkdn9BuOvV6E=",
        "owner": "grumnix",
        "repo": "SDL2-win32",
        "rev": "31c1fc30c3e316c94b17e5090b4e6c21cab08830",
        "type": "github"
      },
      "original": {
        "owner": "grumnix",
        "repo": "SDL2-win32",
        "type": "github"
      }
    },
    "SDL2_src": {
      "flake": false,
      "locked": {
        "narHash": "sha256-7F8KGZaY6R7tzv/+0gNNm1FvDyrY4Z4PPuzYu+3pvNM=",
        "type": "tarball",
        "url": "https://libsdl.org/release/SDL2-devel-2.0.22-mingw.tar.gz"
      },
      "original": {
        "type": "tarball",
        "url": "https://libsdl.org/release/SDL2-devel-2.0.22-mingw.tar.gz"
      }
    },
    "SDL_src": {
      "flake": false,
      "locked": {
        "narHash": "sha256-0tffZEi/OVCkHvSrfVZRnK+qpWqq9m1+1QQz9itkVNM=",
        "type": "tarball",
        "url": "https://www.libsdl.org/release/SDL-1.2.15.tar.gz"
      },
      "original": {
        "type": "tarball",
        "url": "https://www.libsdl.org/release/SDL-1.2.15.tar.gz"
      }
    },
    "flake-utils": {
      "inputs": {
        "systems": "systems"
      },
      "locked": {
        "lastModified": 1689068808,
        "narHash": "sha256-6ixXo3wt24N/melDWjq70UuHQLxGV8jZvooRanIHXw0=",
        "owner": "numtide",
        "repo": "flake-utils",
        "rev": "919d646de7be200f3bf08cb76ae1f09402b6f9b4",
        "type": "github"
      },
      "original": {
        "owner": "numtide",
        "repo": "flake-utils",
        "type": "github"
      }
    },
    "nixpkgs": {
      "locked": {
        "lastModified": 1704874635,
        "narHash": "sha256-YWuCrtsty5vVZvu+7BchAxmcYzTMfolSPP5io8+WYCg=",
        "owner": "NixOS",
        "repo": "nixpkgs",
        "rev": "3dc440faeee9e889fe2d1b4d25ad0f430d449356",
        "type": "github"
      },
      "original": {
        "owner": "NixOS",
        "ref": "nixos-23.11",
        "repo": "nixpkgs",
        "type": "github"
      }
    },
    "root": {
      "inputs": {
        "SDL-win32": "SDL-win32",
        "SDL2-win32": "SDL2-win32",
        "flake-utils": "flake-utils",
        "nixpkgs": "nixpkgs",
        "sdl_gamecontrollerdb": "sdl_gamecontrollerdb",
        "tinycmmc": "tinycmmc"
      }
    },
    "sdl_gamecontrollerdb": {
      "flake": false,
      "locked": {
        "lastModified": 1689064855,
        "narHash": "sha256-1Sw7qK5mGIpi463tiue5P6HrkvrN4J+kChaWPNvRs6Q=",
        "owner": "gabomdq",
        "repo": "SDL_GameControllerDB",
        "rev": "ab9a5e8706b3bd1ad19377439d548e7554af2fef",
        "type": "github"
      },
      "original": {
        "owner": "gabomdq",
        "repo": "SDL_GameControllerDB",
        "type": "github"
      }
    },
    "systems": {
      "locked": {
        "lastModified": 1681028828,
        "narHash": "sha256-Vy1rq5AaRuLzOxct8nz4T6wlgyUR7zLU309k9mBC768=",
        "owner": "nix-systems",
        "repo": "default",
        "rev": "da67096a3b9bf56a91d16901293e51ba5b49a27e",
        "type": "github"
      },
      "original": {
        "owner": "nix-systems",
        "repo": "default",
        "type": "github"
      }
    },
    "tinycmmc": {
      "inputs": {
        "flake-utils": [
          "flake-utils"
        ],
        "nixpkgs": [
          "nixpkgs"
        ]
      },
      "locked": {
        "lastModified": 1684952066,
        "narHash": "sha256-yS8/+TOL2OA7f/RQs1Zr20mmlPFIVvFOgWShLAQvH8w=",
        "owner": "grumbel",
        "repo": "tinycmmc",
        "rev": "01fe277570a290837726de6eb3c16d617bfda28c",
        "type": "github"
      },
      "original": {
        "owner": "grumbel",
        "repo": "tinycmmc",
        "type": "github"
      }
    }
  },
  "root": "root",
  "version": 7
}
